
Microsoft Visual Studio Solution File, Format Version 12.00
# Visual Studio 15
VisualStudioVersion = 15.0.28307.136
MinimumVisualStudioVersion = 10.0.40219.1
Project("{00D1A9C2-B5F0-4AF3-8072-F6C62B433612}") = "AdventureWorksDW2014", "AdventureWorksDW2014\AdventureWorksDW2014.sqlproj", "{146AF4D6-A44F-4C6C-95E1-64BDA142DD2E}"
EndProject
Project("{FAE04EC0-301F-11D3-BF4B-00C04F79EFBC}") = "TestProj_ADW2014", "TestProj1\TestProj_ADW2014.csproj", "{0BA445F7-9B8C-49BB-AED3-A0088388EBC5}"
EndProject
Global
	GlobalSection(SolutionConfigurationPlatforms) = preSolution
		Debug|Any CPU = Debug|Any CPU
		Release|Any CPU = Release|Any CPU
	EndGlobalSection
	GlobalSection(ProjectConfigurationPlatforms) = postSolution
		{146AF4D6-A44F-4C6C-95E1-64BDA142DD2E}.Debug|Any CPU.ActiveCfg = Debug|Any CPU
		{146AF4D6-A44F-4C6C-95E1-64BDA142DD2E}.Debug|Any CPU.Build.0 = Debug|Any CPU
		{146AF4D6-A44F-4C6C-95E1-64BDA142DD2E}.Debug|Any CPU.Deploy.0 = Debug|Any CPU
		{146AF4D6-A44F-4C6C-95E1-64BDA142DD2E}.Release|Any CPU.ActiveCfg = Release|Any CPU
		{146AF4D6-A44F-4C6C-95E1-64BDA142DD2E}.Release|Any CPU.Build.0 = Release|Any CPU
		{146AF4D6-A44F-4C6C-95E1-64BDA142DD2E}.Release|Any CPU.Deploy.0 = Release|Any CPU
		{0BA445F7-9B8C-49BB-AED3-A0088388EBC5}.Debug|Any CPU.ActiveCfg = Debug|Any CPU
		{0BA445F7-9B8C-49BB-AED3-A0088388EBC5}.Debug|Any CPU.Build.0 = Debug|Any CPU
		{0BA445F7-9B8C-49BB-AED3-A0088388EBC5}.Release|Any CPU.ActiveCfg = Release|Any CPU
		{0BA445F7-9B8C-49BB-AED3-A0088388EBC5}.Release|Any CPU.Build.0 = Release|Any CPU
	EndGlobalSection
	GlobalSection(SolutionProperties) = preSolution
		HideSolutionNode = FALSE
	EndGlobalSection
	GlobalSection(ExtensibilityGlobals) = postSolution
		SolutionGuid = {29401971-4159-4F0E-987E-66F0B0A15663}
	EndGlobalSection
EndGlobal
